<?xml version="1.0" encoding="utf-8"?>
<Project ToolsVersion="4.0" xmlns="http://schemas.microsoft.com/developer/msbuild/2003">
  <ItemGroup>
    <Filter Include="res">
      <UniqueIdentifier>{4FA5880B-BBAE-887C-442A-9F7CB032947C}</UniqueIdentifier>
    </Filter>
    <Filter Include="res\shaders">
      <UniqueIdentifier>{4841F028-B4F6-681E-3DEB-62F5A99F5F22}</UniqueIdentifier>
    </Filter>
    <Filter Include="src">
      <UniqueIdentifier>{2DAB880B-99B4-887C-2230-9F7C8E38947C}</UniqueIdentifier>
    </Filter>
    <Filter Include="vendor">
      <UniqueIdentifier>{B3738122-9F15-ACF8-88D0-BF4C74113349}</UniqueIdentifier>
    </Filter>
    <Filter Include="vendor\ImGui">
      <UniqueIdentifier>{1DA38CEE-0906-1C93-B28B-54499ECDE715}</UniqueIdentifier>
    </Filter>
  </ItemGroup>
  <ItemGroup>
    <ClInclude Include="src\UI.h">
      <Filter>src</Filter>
    </ClInclude>
    <ClInclude Include="src\camera.h">
      <Filter>src</Filter>
    </ClInclude>
    <ClInclude Include="src\computeShader.h">
      <Filter>src</Filter>
    </ClInclude>
    <ClInclude Include="src\findIntersect.h">
      <Filter>src</Filter>
    </ClInclude>
    <ClInclude Include="src\floats.h">
      <Filter>src</Filter>
    </ClInclude>
    <ClInclude Include="src\intersectionTest.h">
      <Filter>src</Filter>
    </ClInclude>
    <ClInclude Include="src\log.h">
      <Filter>src</Filter>
    </ClInclude>
    <ClInclude Include="src\mainheader.h">
      <Filter>src</Filter>
    </ClInclude>
    <ClInclude Include="src\mathHelper.h">
      <Filter>src</Filter>
    </ClInclude>
    <ClInclude Include="src\mips.h">
      <Filter>src</Filter>
    </ClInclude>
    <ClInclude Include="src\objectEditing.h">
      <Filter>src</Filter>
    </ClInclude>
    <ClInclude Include="src\postprocessing.h">
      <Filter>src</Filter>
    </ClInclude>
    <ClInclude Include="src\random.h">
      <Filter>src</Filter>
    </ClInclude>
    <ClInclude Include="src\renderer.h">
      <Filter>src</Filter>
    </ClInclude>
    <ClInclude Include="src\scene.h">
      <Filter>src</Filter>
    </ClInclude>
    <ClInclude Include="src\screenQuad.h">
      <Filter>src</Filter>
    </ClInclude>
    <ClInclude Include="src\shader.h">
      <Filter>src</Filter>
    </ClInclude>
    <ClInclude Include="src\shadercompiler.h">
      <Filter>src</Filter>
    </ClInclude>
    <ClInclude Include="src\sphere.h">
      <Filter>src</Filter>
    </ClInclude>
    <ClInclude Include="src\texture.h">
      <Filter>src</Filter>
    </ClInclude>
    <ClInclude Include="src\timer.h">
      <Filter>src</Filter>
    </ClInclude>
    <ClInclude Include="src\vec3.h">
      <Filter>src</Filter>
    </ClInclude>
    <ClInclude Include="src\winDialogs.h">
      <Filter>src</Filter>
    </ClInclude>
    <ClInclude Include="vendor\ImGui\imconfig.h">
      <Filter>vendor\ImGui</Filter>
    </ClInclude>
    <ClInclude Include="vendor\ImGui\imgui.h">
      <Filter>vendor\ImGui</Filter>
    </ClInclude>
    <ClInclude Include="vendor\ImGui\imgui_impl_glfw.h">
      <Filter>vendor\ImGui</Filter>
    </ClInclude>
    <ClInclude Include="vendor\ImGui\imgui_impl_opengl3.h">
      <Filter>vendor\ImGui</Filter>
    </ClInclude>
    <ClInclude Include="vendor\ImGui\imgui_internal.h">
      <Filter>vendor\ImGui</Filter>
    </ClInclude>
    <ClInclude Include="vendor\ImGui\imstb_rectpack.h">
      <Filter>vendor\ImGui</Filter>
    </ClInclude>
    <ClInclude Include="vendor\ImGui\imstb_textedit.h">
      <Filter>vendor\ImGui</Filter>
    </ClInclude>
    <ClInclude Include="vendor\ImGui\imstb_truetype.h">
      <Filter>vendor\ImGui</Filter>
    </ClInclude>
  </ItemGroup>
  <ItemGroup>
    <ClCompile Include="src\camera.cpp">
      <Filter>src</Filter>
    </ClCompile>
    <ClCompile Include="src\computeShader.cpp">
      <Filter>src</Filter>
    </ClCompile>
    <ClCompile Include="src\intersectionTest.cpp">
      <Filter>src</Filter>
    </ClCompile>
    <ClCompile Include="src\log.cpp">
      <Filter>src</Filter>
    </ClCompile>
    <ClCompile Include="src\main.cpp">
      <Filter>src</Filter>
    </ClCompile>
    <ClCompile Include="src\mips.cpp">
      <Filter>src</Filter>
    </ClCompile>
    <ClCompile Include="src\postprocessing.cpp">
      <Filter>src</Filter>
    </ClCompile>
    <ClCompile Include="src\renderer.cpp">
      <Filter>src</Filter>
    </ClCompile>
    <ClCompile Include="src\scene.cpp">
      <Filter>src</Filter>
    </ClCompile>
    <ClCompile Include="src\screenQuad.cpp">
      <Filter>src</Filter>
    </ClCompile>
    <ClCompile Include="src\shader.cpp">
      <Filter>src</Filter>
    </ClCompile>
    <ClCompile Include="src\shadercompiler.cpp">
      <Filter>src</Filter>
    </ClCompile>
    <ClCompile Include="src\texture.cpp">
      <Filter>src</Filter>
    </ClCompile>
    <ClCompile Include="vendor\ImGui\imgui.cpp">
      <Filter>vendor\ImGui</Filter>
    </ClCompile>
    <ClCompile Include="vendor\ImGui\imgui_demo.cpp">
      <Filter>vendor\ImGui</Filter>
    </ClCompile>
    <ClCompile Include="vendor\ImGui\imgui_draw.cpp">
      <Filter>vendor\ImGui</Filter>
    </ClCompile>
    <ClCompile Include="vendor\ImGui\imgui_impl_glfw.cpp">
      <Filter>vendor\ImGui</Filter>
    </ClCompile>
    <ClCompile Include="vendor\ImGui\imgui_impl_opengl3.cpp">
      <Filter>vendor\ImGui</Filter>
    </ClCompile>
    <ClCompile Include="vendor\ImGui\imgui_tables.cpp">
      <Filter>vendor\ImGui</Filter>
    </ClCompile>
    <ClCompile Include="vendor\ImGui\imgui_widgets.cpp">
      <Filter>vendor\ImGui</Filter>
    </ClCompile>
  </ItemGroup>
  <ItemGroup>
    <None Include="res\shaders\accumulateFrames.comp">
      <Filter>res\shaders</Filter>
    </None>
    <None Include="res\shaders\boxBlur.comp">
      <Filter>res\shaders</Filter>
    </None>
    <None Include="res\shaders\buildingTools.comp">
      <Filter>res\shaders</Filter>
    </None>
    <None Include="res\shaders\circle.comp">
      <Filter>res\shaders</Filter>
    </None>
    <None Include="res\shaders\cone.comp">
      <Filter>res\shaders</Filter>
    </None>
    <None Include="res\shaders\cube.comp">
      <Filter>res\shaders</Filter>
    </None>
    <None Include="res\shaders\cylinder.comp">
      <Filter>res\shaders</Filter>
    </None>
    <None Include="res\shaders\dither.comp">
      <Filter>res\shaders</Filter>
    </None>
    <None Include="res\shaders\downsample.comp">
      <Filter>res\shaders</Filter>
    </None>
    <None Include="res\shaders\drawTools.comp">
      <Filter>res\shaders</Filter>
    </None>
    <None Include="res\shaders\fastAA.comp">
      <Filter>res\shaders</Filter>
    </None>
    <None Include="res\shaders\fullScreenQuad.frag">
      <Filter>res\shaders</Filter>
    </None>
    <None Include="res\shaders\fullScreenQuad.vert">
      <Filter>res\shaders</Filter>
    </None>
    <None Include="res\shaders\intersectPrimitives.comp">
      <Filter>res\shaders</Filter>
    </None>
    <None Include="res\shaders\plane.comp">
      <Filter>res\shaders</Filter>
    </None>
    <None Include="res\shaders\primitiveNormals.comp">
      <Filter>res\shaders</Filter>
    </None>
    <None Include="res\shaders\pyramid.comp">
      <Filter>res\shaders</Filter>
    </None>
    <None Include="res\shaders\rayGeneration.comp">
      <Filter>res\shaders</Filter>
    </None>
    <None Include="res\shaders\rayTracing.comp">
      <Filter>res\shaders</Filter>
    </None>
    <None Include="res\shaders\rotations.comp">
      <Filter>res\shaders</Filter>
    </None>
    <None Include="res\shaders\skyShader.comp">
      <Filter>res\shaders</Filter>
    </None>
    <None Include="res\shaders\sphere.comp">
      <Filter>res\shaders</Filter>
    </None>
    <None Include="res\shaders\transform.comp">
      <Filter>res\shaders</Filter>
    </None>
    <None Include="res\shaders\upsample.comp">
      <Filter>res\shaders</Filter>
    </None>
    <None Include="res\shaders\varianceEstimator.comp">
      <Filter>res\shaders</Filter>
    </None>
  </ItemGroup>
</Project>