<?xml version="1.0" encoding="utf-8"?>
<Project ToolsVersion="4.0" xmlns="http://schemas.microsoft.com/developer/msbuild/2003">
  <ItemGroup>
    <Filter Include="Core">
      <UniqueIdentifier>{2EB4837C-1AEB-840D-C3D7-6A10AFED000F}</UniqueIdentifier>
    </Filter>
    <Filter Include="IO">
      <UniqueIdentifier>{FD735900-E9FF-870B-52AE-880B3E59880B}</UniqueIdentifier>
    </Filter>
    <Filter Include="ImGui">
      <UniqueIdentifier>{C0FF640D-2C14-8DBE-F595-301E616989EF}</UniqueIdentifier>
    </Filter>
    <Filter Include="Math">
      <UniqueIdentifier>{AFF4887C-9B2B-8A0D-4418-7010302E060F}</UniqueIdentifier>
    </Filter>
    <Filter Include="Render">
      <UniqueIdentifier>{C5BB87CE-B15D-B2A4-9A18-C6F8865939F5}</UniqueIdentifier>
    </Filter>
    <Filter Include="Scene">
      <UniqueIdentifier>{B3F7140E-1F0C-3DBF-E88D-E01E546139F0}</UniqueIdentifier>
    </Filter>
    <Filter Include="Scene\Components">
      <UniqueIdentifier>{E8C60300-D4BF-2252-FDF1-07D7E949025E}</UniqueIdentifier>
    </Filter>
    <Filter Include="Utility">
      <UniqueIdentifier>{594615A9-C525-9444-CE3D-1F1B3A9CFAA5}</UniqueIdentifier>
    </Filter>
  </ItemGroup>
  <ItemGroup>
    <ClInclude Include="src\OpenGL.h" />
  </ItemGroup>
  <ItemGroup>
    <ClCompile Include="src\Core\Application.ixx">
      <Filter>Core</Filter>
    </ClCompile>
    <ClCompile Include="src\Core\ApplicationI.cpp">
      <Filter>Core</Filter>
    </ClCompile>
    <ClCompile Include="src\Core\Core.ixx">
      <Filter>Core</Filter>
    </ClCompile>
    <ClCompile Include="src\Core\Layer.ixx">
      <Filter>Core</Filter>
    </ClCompile>
    <ClCompile Include="src\Core\LayerStack.ixx">
      <Filter>Core</Filter>
    </ClCompile>
    <ClCompile Include="src\Core\LayerStackI.cpp">
      <Filter>Core</Filter>
    </ClCompile>
    <ClCompile Include="src\Core\Window.ixx">
      <Filter>Core</Filter>
    </ClCompile>
    <ClCompile Include="src\Core\WindowI.cpp">
      <Filter>Core</Filter>
    </ClCompile>
    <ClCompile Include="src\IO\IOLayer.ixx">
      <Filter>IO</Filter>
    </ClCompile>
    <ClCompile Include="src\IO\Keys.ixx">
      <Filter>IO</Filter>
    </ClCompile>
    <ClCompile Include="src\ImGui\ImGuiCanvas.ixx">
      <Filter>ImGui</Filter>
    </ClCompile>
    <ClCompile Include="src\ImGui\ImGuiLayer.ixx">
      <Filter>ImGui</Filter>
    </ClCompile>
    <ClCompile Include="src\ImGui\ImGuiLayerI.cpp">
      <Filter>ImGui</Filter>
    </ClCompile>
    <ClCompile Include="src\Math\Mat3x3.ixx">
      <Filter>Math</Filter>
    </ClCompile>
    <ClCompile Include="src\Math\Mat3x3f.ixx">
      <Filter>Math</Filter>
    </ClCompile>
    <ClCompile Include="src\Math\Math.ixx">
      <Filter>Math</Filter>
    </ClCompile>
    <ClCompile Include="src\Math\Random.ixx">
      <Filter>Math</Filter>
    </ClCompile>
    <ClCompile Include="src\Math\Vec3.ixx">
      <Filter>Math</Filter>
    </ClCompile>
    <ClCompile Include="src\Math\Vec3Math.ixx">
      <Filter>Math</Filter>
    </ClCompile>
    <ClCompile Include="src\Render\Buffer.ixx">
      <Filter>Render</Filter>
    </ClCompile>
    <ClCompile Include="src\Render\ComputeShader.ixx">
      <Filter>Render</Filter>
    </ClCompile>
    <ClCompile Include="src\Render\ComputeShaderI.cpp">
      <Filter>Render</Filter>
    </ClCompile>
    <ClCompile Include="src\Render\ImageFormats.ixx">
      <Filter>Render</Filter>
    </ClCompile>
    <ClCompile Include="src\Render\Mesh.ixx">
      <Filter>Render</Filter>
    </ClCompile>
    <ClCompile Include="src\Render\Mesh2D.ixx">
      <Filter>Render</Filter>
    </ClCompile>
    <ClCompile Include="src\Render\ScreenQuad.ixx">
      <Filter>Render</Filter>
    </ClCompile>
    <ClCompile Include="src\Render\Shader.ixx">
      <Filter>Render</Filter>
    </ClCompile>
    <ClCompile Include="src\Render\ShaderCompiler.ixx">
      <Filter>Render</Filter>
    </ClCompile>
    <ClCompile Include="src\Render\ShaderCompilerI.cpp">
      <Filter>Render</Filter>
    </ClCompile>
    <ClCompile Include="src\Render\ShaderI.cpp">
      <Filter>Render</Filter>
    </ClCompile>
    <ClCompile Include="src\Render\Texture.ixx">
      <Filter>Render</Filter>
    </ClCompile>
    <ClCompile Include="src\Render\TextureManager.cpp">
      <Filter>Render</Filter>
    </ClCompile>
    <ClCompile Include="src\Render\TextureManager.ixx">
      <Filter>Render</Filter>
    </ClCompile>
    <ClCompile Include="src\Scene\Components\Camera.ixx">
      <Filter>Scene\Components</Filter>
    </ClCompile>
    <ClCompile Include="src\Scene\Components\Controller.ixx">
      <Filter>Scene\Components</Filter>
    </ClCompile>
    <ClCompile Include="src\Scene\Components\RTPrimitive.ixx">
      <Filter>Scene\Components</Filter>
    </ClCompile>
    <ClCompile Include="src\Scene\Components\RigidBody.ixx">
      <Filter>Scene\Components</Filter>
    </ClCompile>
    <ClCompile Include="src\Scene\Components\Transform.ixx">
      <Filter>Scene\Components</Filter>
    </ClCompile>
    <ClCompile Include="src\Scene\DefaultEntityTypes.ixx">
      <Filter>Scene</Filter>
    </ClCompile>
    <ClCompile Include="src\Scene\Entity.ixx">
      <Filter>Scene</Filter>
    </ClCompile>
    <ClCompile Include="src\Scene\Scene.ixx">
      <Filter>Scene</Filter>
    </ClCompile>
    <ClCompile Include="src\Utility\Log.ixx">
      <Filter>Utility</Filter>
    </ClCompile>
    <ClCompile Include="src\Utility\Timer.ixx">
      <Filter>Utility</Filter>
    </ClCompile>
    <ClCompile Include="src\Vega.ixx" />
    <ClCompile Include="src\Scene\Collection.ixx" />
    <ClCompile Include="src\Render\LinkedSSBO.ixx" />
    <ClCompile Include="src\Math\VecTypes.ixx" />
  </ItemGroup>
</Project>