<?xml version="1.0" encoding="utf-8"?>
<Project ToolsVersion="4.0" xmlns="http://schemas.microsoft.com/developer/msbuild/2003">
  <ItemGroup>
    <Filter Include="res">
      <UniqueIdentifier>{4FA5880B-BBAE-887C-442A-9F7CB032947C}</UniqueIdentifier>
    </Filter>
    <Filter Include="src">
      <UniqueIdentifier>{2DAB880B-99B4-887C-2230-9F7C8E38947C}</UniqueIdentifier>
    </Filter>
    <Filter Include="src\Core">
      <UniqueIdentifier>{A5D31CCF-91A0-77DA-BAB9-6582A6E5AC68}</UniqueIdentifier>
    </Filter>
    <Filter Include="src\Core\ImGui">
      <UniqueIdentifier>{8FB08004-7B7E-740A-6412-E530507F506F}</UniqueIdentifier>
    </Filter>
    <Filter Include="src\Core\Layers">
      <UniqueIdentifier>{C43ED89A-30CA-455F-39DB-C853A5E5A15F}</UniqueIdentifier>
    </Filter>
    <Filter Include="src\Gui">
      <UniqueIdentifier>{017D2FA9-6D5C-AE44-7674-391BE2D214A6}</UniqueIdentifier>
    </Filter>
    <Filter Include="src\Gui\Drawing">
      <UniqueIdentifier>{7C957183-E820-DF47-F131-623C5D3C3B48}</UniqueIdentifier>
    </Filter>
    <Filter Include="src\Io">
      <UniqueIdentifier>{D449661C-C0EB-90F2-A9A6-A44695E71743}</UniqueIdentifier>
    </Filter>
    <Filter Include="src\Math">
      <UniqueIdentifier>{261422CF-12E1-7CDA-3BFA-6A822726B268}</UniqueIdentifier>
    </Filter>
    <Filter Include="src\Render">
      <UniqueIdentifier>{FC94E62B-E84C-2879-5154-01D53D2BC369}</UniqueIdentifier>
    </Filter>
    <Filter Include="src\Render\Data">
      <UniqueIdentifier>{E5877016-5113-DEDA-5A24-61CFC62E3ADB}</UniqueIdentifier>
    </Filter>
    <Filter Include="src\Render\Objects">
      <UniqueIdentifier>{B56F595B-A153-1AB1-0AB4-1404F6B60433}</UniqueIdentifier>
    </Filter>
    <Filter Include="src\Render\Shaders">
      <UniqueIdentifier>{D5F59D9C-C1D9-5EF2-2A3A-5945163D4974}</UniqueIdentifier>
    </Filter>
    <Filter Include="src\Scene">
      <UniqueIdentifier>{0A06D2B3-7670-862A-BFAE-37D02B58647F}</UniqueIdentifier>
    </Filter>
    <Filter Include="src\Scene\Components">
      <UniqueIdentifier>{DFD07067-CB5F-FA30-747E-0E2C60EC0AD7}</UniqueIdentifier>
    </Filter>
    <Filter Include="src\Utility">
      <UniqueIdentifier>{70464FB2-DCFB-C7A7-65F0-C17ED1A4BEAB}</UniqueIdentifier>
    </Filter>
  </ItemGroup>
  <ItemGroup>
    <ClInclude Include="src\OpenGL.h">
      <Filter>src</Filter>
    </ClInclude>
  </ItemGroup>
  <ItemGroup>
    <ClCompile Include="src\Core\Application.ixx">
      <Filter>src\Core</Filter>
    </ClCompile>
    <ClCompile Include="src\Core\ApplicationI.cpp">
      <Filter>src\Core</Filter>
    </ClCompile>
    <ClCompile Include="src\Core\Core.ixx">
      <Filter>src\Core</Filter>
    </ClCompile>
    <ClCompile Include="src\Core\ImGui\GuiLayer.ixx">
      <Filter>src\Core\ImGui</Filter>
    </ClCompile>
    <ClCompile Include="src\Core\ImGui\ImGuiCanvas.ixx">
      <Filter>src\Core\ImGui</Filter>
    </ClCompile>
    <ClCompile Include="src\Core\Layer.ixx">
      <Filter>src\Core</Filter>
    </ClCompile>
    <ClCompile Include="src\Core\LayerStack.ixx">
      <Filter>src\Core</Filter>
    </ClCompile>
    <ClCompile Include="src\Core\LayerStackI.cpp">
      <Filter>src\Core</Filter>
    </ClCompile>
    <ClCompile Include="src\Core\Layers\DrawingLayer.ixx">
      <Filter>src\Core\Layers</Filter>
    </ClCompile>
    <ClCompile Include="src\Core\Layers\IOLayer.ixx">
      <Filter>src\Core\Layers</Filter>
    </ClCompile>
    <ClCompile Include="src\Core\Window.ixx">
      <Filter>src\Core</Filter>
    </ClCompile>
    <ClCompile Include="src\Core\WindowI.cpp">
      <Filter>src\Core</Filter>
    </ClCompile>
    <ClCompile Include="src\DataContainer.ixx">
      <Filter>src</Filter>
    </ClCompile>
    <ClCompile Include="src\Gui\Drawing\Grid.ixx">
      <Filter>src\Gui\Drawing</Filter>
    </ClCompile>
    <ClCompile Include="src\Gui\Drawing\Primitives.ixx">
      <Filter>src\Gui\Drawing</Filter>
    </ClCompile>
    <ClCompile Include="src\Gui\Drawing\Widgets.ixx">
      <Filter>src\Gui\Drawing</Filter>
    </ClCompile>
    <ClCompile Include="src\Gui\Gui.ixx">
      <Filter>src\Gui</Filter>
    </ClCompile>
    <ClCompile Include="src\Gui\GuiCanvas.ixx">
      <Filter>src\Gui</Filter>
    </ClCompile>
    <ClCompile Include="src\Gui\GuiInput.ixx">
      <Filter>src\Gui</Filter>
    </ClCompile>
    <ClCompile Include="src\Gui\Drawing\Viewport.ixx">
      <Filter>src\Gui</Filter>
    </ClCompile>
    <ClCompile Include="src\Io\Io.ixx">
      <Filter>src\Io</Filter>
    </ClCompile>
    <ClCompile Include="src\Io\Keys.ixx">
      <Filter>src\Io</Filter>
    </ClCompile>
    <ClCompile Include="src\Math\Mat3x3.ixx">
      <Filter>src\Math</Filter>
    </ClCompile>
    <ClCompile Include="src\Math\Mat3x3f.ixx">
      <Filter>src\Math</Filter>
    </ClCompile>
    <ClCompile Include="src\Math\Math.ixx">
      <Filter>src\Math</Filter>
    </ClCompile>
    <ClCompile Include="src\Math\Random.ixx">
      <Filter>src\Math</Filter>
    </ClCompile>
    <ClCompile Include="src\Math\Vec2.ixx">
      <Filter>src\Math</Filter>
    </ClCompile>
    <ClCompile Include="src\Math\Vec3.ixx">
      <Filter>src\Math</Filter>
    </ClCompile>
    <ClCompile Include="src\Math\Vec3Math.ixx">
      <Filter>src\Math</Filter>
    </ClCompile>
    <ClCompile Include="src\Math\VecTypes.ixx">
      <Filter>src\Math</Filter>
    </ClCompile>
    <ClCompile Include="src\Render\Data\Buffer.ixx">
      <Filter>src\Render\Data</Filter>
    </ClCompile>
    <ClCompile Include="src\Render\Data\FrameBuffer.ixx">
      <Filter>src\Render\Data</Filter>
    </ClCompile>
    <ClCompile Include="src\Render\Data\ImageFormats.ixx">
      <Filter>src\Render\Data</Filter>
    </ClCompile>
    <ClCompile Include="src\Render\Data\LinkedSSBO.ixx">
      <Filter>src\Render\Data</Filter>
    </ClCompile>
    <ClCompile Include="src\Render\Data\Texture.ixx">
      <Filter>src\Render\Data</Filter>
    </ClCompile>
    <ClCompile Include="src\Render\Data\TextureManager.cpp">
      <Filter>src\Render\Data</Filter>
    </ClCompile>
    <ClCompile Include="src\Render\Data\TextureManager.ixx">
      <Filter>src\Render\Data</Filter>
    </ClCompile>
    <ClCompile Include="src\Render\Objects\Mesh.ixx">
      <Filter>src\Render\Objects</Filter>
    </ClCompile>
    <ClCompile Include="src\Render\Objects\Mesh2D.ixx">
      <Filter>src\Render\Objects</Filter>
    </ClCompile>
    <ClCompile Include="src\Render\Objects\ScreenQuad.ixx">
      <Filter>src\Render\Objects</Filter>
    </ClCompile>
    <ClCompile Include="src\Render\Render.ixx">
      <Filter>src\Render</Filter>
    </ClCompile>
    <ClCompile Include="src\Render\Shaders\ComputeShader.ixx">
      <Filter>src\Render\Shaders</Filter>
    </ClCompile>
    <ClCompile Include="src\Render\Shaders\ComputeShaderI.cpp">
      <Filter>src\Render\Shaders</Filter>
    </ClCompile>
    <ClCompile Include="src\Render\Shaders\Shader.ixx">
      <Filter>src\Render\Shaders</Filter>
    </ClCompile>
    <ClCompile Include="src\Render\Shaders\ShaderCompiler.ixx">
      <Filter>src\Render\Shaders</Filter>
    </ClCompile>
    <ClCompile Include="src\Render\Shaders\ShaderCompilerI.cpp">
      <Filter>src\Render\Shaders</Filter>
    </ClCompile>
    <ClCompile Include="src\Render\Shaders\ShaderI.cpp">
      <Filter>src\Render\Shaders</Filter>
    </ClCompile>
    <ClCompile Include="src\Render\Shaders\ShaderManager.ixx">
      <Filter>src\Render\Shaders</Filter>
    </ClCompile>
    <ClCompile Include="src\Scene\Collection.ixx">
      <Filter>src\Scene</Filter>
    </ClCompile>
    <ClCompile Include="src\Scene\Components\Camera.ixx">
      <Filter>src\Scene\Components</Filter>
    </ClCompile>
    <ClCompile Include="src\Scene\Components\Controller.ixx">
      <Filter>src\Scene\Components</Filter>
    </ClCompile>
    <ClCompile Include="src\Scene\Components\RTPrimitive.ixx">
      <Filter>src\Scene\Components</Filter>
    </ClCompile>
    <ClCompile Include="src\Scene\Components\RigidBody.ixx">
      <Filter>src\Scene\Components</Filter>
    </ClCompile>
    <ClCompile Include="src\Scene\Components\Transform.ixx">
      <Filter>src\Scene\Components</Filter>
    </ClCompile>
    <ClCompile Include="src\Scene\DefaultEntityTypes.ixx">
      <Filter>src\Scene</Filter>
    </ClCompile>
    <ClCompile Include="src\Scene\Entities.ixx">
      <Filter>src\Scene</Filter>
    </ClCompile>
    <ClCompile Include="src\Scene\Entity.ixx">
      <Filter>src\Scene</Filter>
    </ClCompile>
    <ClCompile Include="src\Scene\Scene.ixx">
      <Filter>src\Scene</Filter>
    </ClCompile>
    <ClCompile Include="src\Utility\Log.ixx">
      <Filter>src\Utility</Filter>
    </ClCompile>
    <ClCompile Include="src\Utility\Timer.ixx">
      <Filter>src\Utility</Filter>
    </ClCompile>
    <ClCompile Include="src\Utility\Utility.ixx">
      <Filter>src\Utility</Filter>
    </ClCompile>
    <ClCompile Include="src\Vega.ixx">
      <Filter>src</Filter>
    </ClCompile>
    <ClCompile Include="src\Gui\Drawing\WidgetsManager.ixx" />
  </ItemGroup>
  <ItemGroup>
    <None Include="res\default.comp">
      <Filter>res</Filter>
    </None>
    <None Include="res\default.frag">
      <Filter>res</Filter>
    </None>
    <None Include="res\default.vert">
      <Filter>res</Filter>
    </None>
    <None Include="res\proceduralPrimitive.frag">
      <Filter>res</Filter>
    </None>
    <None Include="res\screenQuad.frag">
      <Filter>res</Filter>
    </None>
    <None Include="res\postProcess.frag" />
  </ItemGroup>
</Project>